
Microsoft Visual Studio Solution File, Format Version 12.00
# Visual Studio 15
Project("{FAE04EC0-301F-11D3-BF4B-00C04F79EFBC}") = "pathways-api", "pathways-api.csproj", "{B6543750-EE6C-4FD4-BE48-0F23AA08322C}"
EndProject
Project("{FAE04EC0-301F-11D3-BF4B-00C04F79EFBC}") = "pathways-tests", "..\pathways-tests\pathways-tests.csproj", "{6606DDAA-4F9D-404E-999A-4499A166E0C0}"
EndProject
Global
	GlobalSection(SolutionConfigurationPlatforms) = preSolution
		Debug|Any CPU = Debug|Any CPU
		Release|Any CPU = Release|Any CPU
	EndGlobalSection
	GlobalSection(ProjectConfigurationPlatforms) = postSolution
		{B6543750-EE6C-4FD4-BE48-0F23AA08322C}.Debug|Any CPU.ActiveCfg = Debug|Any CPU
		{B6543750-EE6C-4FD4-BE48-0F23AA08322C}.Debug|Any CPU.Build.0 = Debug|Any CPU
		{B6543750-EE6C-4FD4-BE48-0F23AA08322C}.Release|Any CPU.ActiveCfg = Release|Any CPU
		{B6543750-EE6C-4FD4-BE48-0F23AA08322C}.Release|Any CPU.Build.0 = Release|Any CPU
		{6606DDAA-4F9D-404E-999A-4499A166E0C0}.Debug|Any CPU.ActiveCfg = Debug|Any CPU
		{6606DDAA-4F9D-404E-999A-4499A166E0C0}.Debug|Any CPU.Build.0 = Debug|Any CPU
		{6606DDAA-4F9D-404E-999A-4499A166E0C0}.Release|Any CPU.ActiveCfg = Release|Any CPU
		{6606DDAA-4F9D-404E-999A-4499A166E0C0}.Release|Any CPU.Build.0 = Release|Any CPU
	EndGlobalSection
EndGlobal
